
Microsoft Visual Studio Solution File, Format Version 12.00
# Visual Studio Version 17
VisualStudioVersion = 17.12.35707.178
MinimumVisualStudioVersion = 10.0.40219.1
Project("{FAE04EC0-301F-11D3-BF4B-00C04F79EFBC}") = "WebApplication2", "WebApplication2.csproj", "{F37E76FF-E3B8-4837-876D-4B6EC0468020}"
	ProjectSection(ProjectDependencies) = postProject
		{9FE82BA7-34FA-4AC9-948D-821485E429C9} = {9FE82BA7-34FA-4AC9-948D-821485E429C9}
	EndProjectSection
EndProject
Project("{FAE04EC0-301F-11D3-BF4B-00C04F79EFBC}") = "Contracts", "..\Contracts\Contracts.csproj", "{C0784FDE-5ACB-479C-80B9-3C6F92919942}"
EndProject
Project("{FAE04EC0-301F-11D3-BF4B-00C04F79EFBC}") = "LoggerService", "..\LoggerService\LoggerService.csproj", "{77B59778-3822-4208-A885-E5600781A67A}"
EndProject
Project("{FAE04EC0-301F-11D3-BF4B-00C04F79EFBC}") = "Entities", "..\Entities\Entities.csproj", "{9FE82BA7-34FA-4AC9-948D-821485E429C9}"
EndProject
Project("{FAE04EC0-301F-11D3-BF4B-00C04F79EFBC}") = "Repository", "..\Repository\Repository.csproj", "{5A69F103-E638-4D23-B54A-164CE7C8DB50}"
EndProject
Global
	GlobalSection(SolutionConfigurationPlatforms) = preSolution
		Debug|Any CPU = Debug|Any CPU
		Release|Any CPU = Release|Any CPU
	EndGlobalSection
	GlobalSection(ProjectConfigurationPlatforms) = postSolution
		{F37E76FF-E3B8-4837-876D-4B6EC0468020}.Debug|Any CPU.ActiveCfg = Debug|Any CPU
		{F37E76FF-E3B8-4837-876D-4B6EC0468020}.Debug|Any CPU.Build.0 = Debug|Any CPU
		{F37E76FF-E3B8-4837-876D-4B6EC0468020}.Release|Any CPU.ActiveCfg = Release|Any CPU
		{F37E76FF-E3B8-4837-876D-4B6EC0468020}.Release|Any CPU.Build.0 = Release|Any CPU
		{C0784FDE-5ACB-479C-80B9-3C6F92919942}.Debug|Any CPU.ActiveCfg = Debug|Any CPU
		{C0784FDE-5ACB-479C-80B9-3C6F92919942}.Debug|Any CPU.Build.0 = Debug|Any CPU
		{C0784FDE-5ACB-479C-80B9-3C6F92919942}.Release|Any CPU.ActiveCfg = Release|Any CPU
		{C0784FDE-5ACB-479C-80B9-3C6F92919942}.Release|Any CPU.Build.0 = Release|Any CPU
		{77B59778-3822-4208-A885-E5600781A67A}.Debug|Any CPU.ActiveCfg = Debug|Any CPU
		{77B59778-3822-4208-A885-E5600781A67A}.Debug|Any CPU.Build.0 = Debug|Any CPU
		{77B59778-3822-4208-A885-E5600781A67A}.Release|Any CPU.ActiveCfg = Release|Any CPU
		{77B59778-3822-4208-A885-E5600781A67A}.Release|Any CPU.Build.0 = Release|Any CPU
		{9FE82BA7-34FA-4AC9-948D-821485E429C9}.Debug|Any CPU.ActiveCfg = Debug|Any CPU
		{9FE82BA7-34FA-4AC9-948D-821485E429C9}.Debug|Any CPU.Build.0 = Debug|Any CPU
		{9FE82BA7-34FA-4AC9-948D-821485E429C9}.Release|Any CPU.ActiveCfg = Release|Any CPU
		{9FE82BA7-34FA-4AC9-948D-821485E429C9}.Release|Any CPU.Build.0 = Release|Any CPU
		{5A69F103-E638-4D23-B54A-164CE7C8DB50}.Debug|Any CPU.ActiveCfg = Debug|Any CPU
		{5A69F103-E638-4D23-B54A-164CE7C8DB50}.Debug|Any CPU.Build.0 = Debug|Any CPU
		{5A69F103-E638-4D23-B54A-164CE7C8DB50}.Release|Any CPU.ActiveCfg = Release|Any CPU
		{5A69F103-E638-4D23-B54A-164CE7C8DB50}.Release|Any CPU.Build.0 = Release|Any CPU
	EndGlobalSection
	GlobalSection(SolutionProperties) = preSolution
		HideSolutionNode = FALSE
	EndGlobalSection
EndGlobal
